
Microsoft Visual Studio Solution File, Format Version 12.00
# Visual Studio 14
VisualStudioVersion = 14.0.25420.1
MinimumVisualStudioVersion = 10.0.40219.1
Project("{2150E333-8FDC-42A3-9474-1A3956D46DE8}") = "src", "src", "{1815D6F3-AB17-4549-9A61-EADF6558FA28}"
EndProject
Project("{2150E333-8FDC-42A3-9474-1A3956D46DE8}") = "Solution Items", "Solution Items", "{CBC29FE1-6539-4B21-84AB-03A0EAE79C09}"
	ProjectSection(SolutionItems) = preProject
		global.json = global.json
	EndProjectSection
EndProject
Project("{8BB2217D-0F2D-49D1-97BC-3654ED321F3B}") = "Scheduler.Model", "src\Scheduler.Model\Scheduler.Model.xproj", "{E6F7435F-2AE8-4AAC-91B7-B9A55C687CFC}"
EndProject
Project("{8BB2217D-0F2D-49D1-97BC-3654ED321F3B}") = "Scheduler.Data", "src\Scheduler.Data\Scheduler.Data.xproj", "{C765148C-E881-4166-86D9-583CF39BCF02}"
EndProject
Project("{8BB2217D-0F2D-49D1-97BC-3654ED321F3B}") = "Scheduler", "src\Scheduler\Scheduler.xproj", "{D0D574C9-4927-4EB1-B7A4-76AC6877B2B2}"
EndProject
Global
	GlobalSection(SolutionConfigurationPlatforms) = preSolution
		Debug|Any CPU = Debug|Any CPU
		Release|Any CPU = Release|Any CPU
	EndGlobalSection
	GlobalSection(ProjectConfigurationPlatforms) = postSolution
		{E6F7435F-2AE8-4AAC-91B7-B9A55C687CFC}.Debug|Any CPU.ActiveCfg = Debug|Any CPU
		{E6F7435F-2AE8-4AAC-91B7-B9A55C687CFC}.Debug|Any CPU.Build.0 = Debug|Any CPU
		{E6F7435F-2AE8-4AAC-91B7-B9A55C687CFC}.Release|Any CPU.ActiveCfg = Release|Any CPU
		{E6F7435F-2AE8-4AAC-91B7-B9A55C687CFC}.Release|Any CPU.Build.0 = Release|Any CPU
		{C765148C-E881-4166-86D9-583CF39BCF02}.Debug|Any CPU.ActiveCfg = Debug|Any CPU
		{C765148C-E881-4166-86D9-583CF39BCF02}.Debug|Any CPU.Build.0 = Debug|Any CPU
		{C765148C-E881-4166-86D9-583CF39BCF02}.Release|Any CPU.ActiveCfg = Release|Any CPU
		{C765148C-E881-4166-86D9-583CF39BCF02}.Release|Any CPU.Build.0 = Release|Any CPU
		{D0D574C9-4927-4EB1-B7A4-76AC6877B2B2}.Debug|Any CPU.ActiveCfg = Debug|Any CPU
		{D0D574C9-4927-4EB1-B7A4-76AC6877B2B2}.Debug|Any CPU.Build.0 = Debug|Any CPU
		{D0D574C9-4927-4EB1-B7A4-76AC6877B2B2}.Release|Any CPU.ActiveCfg = Release|Any CPU
		{D0D574C9-4927-4EB1-B7A4-76AC6877B2B2}.Release|Any CPU.Build.0 = Release|Any CPU
	EndGlobalSection
	GlobalSection(SolutionProperties) = preSolution
		HideSolutionNode = FALSE
	EndGlobalSection
	GlobalSection(NestedProjects) = preSolution
		{E6F7435F-2AE8-4AAC-91B7-B9A55C687CFC} = {1815D6F3-AB17-4549-9A61-EADF6558FA28}
		{C765148C-E881-4166-86D9-583CF39BCF02} = {1815D6F3-AB17-4549-9A61-EADF6558FA28}
		{D0D574C9-4927-4EB1-B7A4-76AC6877B2B2} = {1815D6F3-AB17-4549-9A61-EADF6558FA28}
	EndGlobalSection
EndGlobal
